
Microsoft Visual Studio Solution File, Format Version 12.00
# Visual Studio 15
VisualStudioVersion = 15.0.27130.2027
MinimumVisualStudioVersion = 10.0.40219.1
Project("{2150E333-8FDC-42A3-9474-1A3956D46DE8}") = "Solution Items", "Solution Items", "{44DDE98D-5571-47FA-BEC4-4BDA58881F63}"
	ProjectSection(SolutionItems) = preProject
		.gitignore = .gitignore
		_config.yml = _config.yml
		README.md = README.md
	EndProjectSection
EndProject
Project("{2150E333-8FDC-42A3-9474-1A3956D46DE8}") = "Services", "Services", "{1BC517EF-95A2-43DB-9590-4FEB2A923CE1}"
EndProject
Project("{2150E333-8FDC-42A3-9474-1A3956D46DE8}") = "Framework", "Framework", "{F55E876C-702F-4F12-9DDB-539AD7AEB2E2}"
EndProject
Project("{FAE04EC0-301F-11D3-BF4B-00C04F79EFBC}") = "Cosella.Framework.Core", "framework\Cosella.Framework.Core\Cosella.Framework.Core.csproj", "{C99C794B-61C5-4E6E-A459-DD2EE9C72DEB}"
EndProject
Project("{FAE04EC0-301F-11D3-BF4B-00C04F79EFBC}") = "Cosella.Framework.Client", "framework\Cosella.Framework.Client\Cosella.Framework.Client.csproj", "{11A15522-F1B7-4CED-809B-25AABF3562A8}"
EndProject
Project("{2150E333-8FDC-42A3-9474-1A3956D46DE8}") = "Extensions", "Extensions", "{29D1741F-6748-4DF6-B512-C26A18C2378A}"
EndProject
Project("{FAE04EC0-301F-11D3-BF4B-00C04F79EFBC}") = "Cosella.Framework.PubSub", "framework\Cosella.Framework.PubSub\Cosella.Framework.PubSub.csproj", "{C8633045-FD39-48ED-A6E4-440A28ED57AD}"
EndProject
Project("{FAE04EC0-301F-11D3-BF4B-00C04F79EFBC}") = "Cosella.Framework.Extensions.Authentication", "framework-extensions\Cosella.Framework.Extensions.Authentication\Cosella.Framework.Extensions.Authentication.csproj", "{D742B27F-3857-4FD1-80D2-796AB7558ACF}"
EndProject
Project("{FAE04EC0-301F-11D3-BF4B-00C04F79EFBC}") = "Cosella.Framework.Extensions.Gateway", "framework-extensions\Cosella.Framework.Extensions.Gateway\Cosella.Framework.Extensions.Gateway.csproj", "{6A3BC4A8-5996-4DA6-955F-28B8787296A9}"
EndProject
Project("{FAE04EC0-301F-11D3-BF4B-00C04F79EFBC}") = "Cosella.Services.Example", "services\Cosella.Services.Example\Cosella.Services.Example.csproj", "{9DF4BEB9-9129-4034-8EB9-23A17E9A5EA3}"
EndProject
Project("{FAE04EC0-301F-11D3-BF4B-00C04F79EFBC}") = "Cosella.Services.Gateway", "services\Cosella.Services.Gateway\Cosella.Services.Gateway.csproj", "{04CCE304-CDBE-492A-A819-8500453AC28B}"
EndProject
Project("{2150E333-8FDC-42A3-9474-1A3956D46DE8}") = "Documentation", "Documentation", "{E8B6A5B1-5646-450C-9AE8-92CAE78DF6AE}"
	ProjectSection(SolutionItems) = preProject
		documentation\configuration.md = documentation\configuration.md
		documentation\features.md = documentation\features.md
		documentation\gettingstarted.md = documentation\gettingstarted.md
		documentation\inserviceworker.md = documentation\inserviceworker.md
		documentation\ioc.md = documentation\ioc.md
		documentation\NUGET.md = documentation\NUGET.md
		documentation\restapi.md = documentation\restapi.md
		documentation\restclient.md = documentation\restclient.md
	EndProjectSection
EndProject
Project("{FAE04EC0-301F-11D3-BF4B-00C04F79EFBC}") = "Cosella.Services.MinimumConfig", "Cosella.Services.MinimumConfig\Cosella.Services.MinimumConfig.csproj", "{FC72E1AC-973F-4BEA-9C5F-E6BBE4EFA23B}"
EndProject
Global
	GlobalSection(SolutionConfigurationPlatforms) = preSolution
		Debug|Any CPU = Debug|Any CPU
		Release|Any CPU = Release|Any CPU
	EndGlobalSection
	GlobalSection(ProjectConfigurationPlatforms) = postSolution
		{C99C794B-61C5-4E6E-A459-DD2EE9C72DEB}.Debug|Any CPU.ActiveCfg = Debug|Any CPU
		{C99C794B-61C5-4E6E-A459-DD2EE9C72DEB}.Debug|Any CPU.Build.0 = Debug|Any CPU
		{C99C794B-61C5-4E6E-A459-DD2EE9C72DEB}.Release|Any CPU.ActiveCfg = Release|Any CPU
		{C99C794B-61C5-4E6E-A459-DD2EE9C72DEB}.Release|Any CPU.Build.0 = Release|Any CPU
		{11A15522-F1B7-4CED-809B-25AABF3562A8}.Debug|Any CPU.ActiveCfg = Debug|Any CPU
		{11A15522-F1B7-4CED-809B-25AABF3562A8}.Debug|Any CPU.Build.0 = Debug|Any CPU
		{11A15522-F1B7-4CED-809B-25AABF3562A8}.Release|Any CPU.ActiveCfg = Release|Any CPU
		{11A15522-F1B7-4CED-809B-25AABF3562A8}.Release|Any CPU.Build.0 = Release|Any CPU
		{C8633045-FD39-48ED-A6E4-440A28ED57AD}.Debug|Any CPU.ActiveCfg = Debug|Any CPU
		{C8633045-FD39-48ED-A6E4-440A28ED57AD}.Debug|Any CPU.Build.0 = Debug|Any CPU
		{C8633045-FD39-48ED-A6E4-440A28ED57AD}.Release|Any CPU.ActiveCfg = Release|Any CPU
		{C8633045-FD39-48ED-A6E4-440A28ED57AD}.Release|Any CPU.Build.0 = Release|Any CPU
		{D742B27F-3857-4FD1-80D2-796AB7558ACF}.Debug|Any CPU.ActiveCfg = Debug|Any CPU
		{D742B27F-3857-4FD1-80D2-796AB7558ACF}.Debug|Any CPU.Build.0 = Debug|Any CPU
		{D742B27F-3857-4FD1-80D2-796AB7558ACF}.Release|Any CPU.ActiveCfg = Release|Any CPU
		{D742B27F-3857-4FD1-80D2-796AB7558ACF}.Release|Any CPU.Build.0 = Release|Any CPU
		{6A3BC4A8-5996-4DA6-955F-28B8787296A9}.Debug|Any CPU.ActiveCfg = Debug|Any CPU
		{6A3BC4A8-5996-4DA6-955F-28B8787296A9}.Debug|Any CPU.Build.0 = Debug|Any CPU
		{6A3BC4A8-5996-4DA6-955F-28B8787296A9}.Release|Any CPU.ActiveCfg = Release|Any CPU
		{6A3BC4A8-5996-4DA6-955F-28B8787296A9}.Release|Any CPU.Build.0 = Release|Any CPU
		{9DF4BEB9-9129-4034-8EB9-23A17E9A5EA3}.Debug|Any CPU.ActiveCfg = Debug|Any CPU
		{9DF4BEB9-9129-4034-8EB9-23A17E9A5EA3}.Debug|Any CPU.Build.0 = Debug|Any CPU
		{9DF4BEB9-9129-4034-8EB9-23A17E9A5EA3}.Release|Any CPU.ActiveCfg = Release|Any CPU
		{9DF4BEB9-9129-4034-8EB9-23A17E9A5EA3}.Release|Any CPU.Build.0 = Release|Any CPU
		{04CCE304-CDBE-492A-A819-8500453AC28B}.Debug|Any CPU.ActiveCfg = Debug|Any CPU
		{04CCE304-CDBE-492A-A819-8500453AC28B}.Debug|Any CPU.Build.0 = Debug|Any CPU
		{04CCE304-CDBE-492A-A819-8500453AC28B}.Release|Any CPU.ActiveCfg = Release|Any CPU
		{04CCE304-CDBE-492A-A819-8500453AC28B}.Release|Any CPU.Build.0 = Release|Any CPU
		{FC72E1AC-973F-4BEA-9C5F-E6BBE4EFA23B}.Debug|Any CPU.ActiveCfg = Debug|Any CPU
		{FC72E1AC-973F-4BEA-9C5F-E6BBE4EFA23B}.Debug|Any CPU.Build.0 = Debug|Any CPU
		{FC72E1AC-973F-4BEA-9C5F-E6BBE4EFA23B}.Release|Any CPU.ActiveCfg = Release|Any CPU
		{FC72E1AC-973F-4BEA-9C5F-E6BBE4EFA23B}.Release|Any CPU.Build.0 = Release|Any CPU
	EndGlobalSection
	GlobalSection(SolutionProperties) = preSolution
		HideSolutionNode = FALSE
	EndGlobalSection
	GlobalSection(NestedProjects) = preSolution
		{C99C794B-61C5-4E6E-A459-DD2EE9C72DEB} = {F55E876C-702F-4F12-9DDB-539AD7AEB2E2}
		{11A15522-F1B7-4CED-809B-25AABF3562A8} = {F55E876C-702F-4F12-9DDB-539AD7AEB2E2}
		{C8633045-FD39-48ED-A6E4-440A28ED57AD} = {F55E876C-702F-4F12-9DDB-539AD7AEB2E2}
		{D742B27F-3857-4FD1-80D2-796AB7558ACF} = {29D1741F-6748-4DF6-B512-C26A18C2378A}
		{6A3BC4A8-5996-4DA6-955F-28B8787296A9} = {29D1741F-6748-4DF6-B512-C26A18C2378A}
		{9DF4BEB9-9129-4034-8EB9-23A17E9A5EA3} = {1BC517EF-95A2-43DB-9590-4FEB2A923CE1}
		{04CCE304-CDBE-492A-A819-8500453AC28B} = {1BC517EF-95A2-43DB-9590-4FEB2A923CE1}
		{FC72E1AC-973F-4BEA-9C5F-E6BBE4EFA23B} = {1BC517EF-95A2-43DB-9590-4FEB2A923CE1}
	EndGlobalSection
	GlobalSection(ExtensibilityGlobals) = postSolution
		SolutionGuid = {C5C6E7C4-C130-4D0E-833E-C67B7F7A51CE}
	EndGlobalSection
EndGlobal
